
Microsoft Visual Studio Solution File, Format Version 12.00
# Visual Studio Version 17
VisualStudioVersion = 17.3.32804.467
MinimumVisualStudioVersion = 10.0.40219.1
Project("{FAE04EC0-301F-11D3-BF4B-00C04F79EFBC}") = "Ank9_UsingIdentity", "Ank9_UsingIdentity\Ank9_UsingIdentity.csproj", "{856FBEF0-CC1E-42FD-BF63-29D2C50F8BD5}"
EndProject
Global
	GlobalSection(SolutionConfigurationPlatforms) = preSolution
		Debug|Any CPU = Debug|Any CPU
		Release|Any CPU = Release|Any CPU
	EndGlobalSection
	GlobalSection(ProjectConfigurationPlatforms) = postSolution
		{856FBEF0-CC1E-42FD-BF63-29D2C50F8BD5}.Debug|Any CPU.ActiveCfg = Debug|Any CPU
		{856FBEF0-CC1E-42FD-BF63-29D2C50F8BD5}.Debug|Any CPU.Build.0 = Debug|Any CPU
		{856FBEF0-CC1E-42FD-BF63-29D2C50F8BD5}.Release|Any CPU.ActiveCfg = Release|Any CPU
		{856FBEF0-CC1E-42FD-BF63-29D2C50F8BD5}.Release|Any CPU.Build.0 = Release|Any CPU
	EndGlobalSection
	GlobalSection(SolutionProperties) = preSolution
		HideSolutionNode = FALSE
	EndGlobalSection
	GlobalSection(ExtensibilityGlobals) = postSolution
		SolutionGuid = {E09353D8-AD50-42EE-ADEB-816374DF0305}
	EndGlobalSection
EndGlobal
